// !$*UTF8*$!
{
	archiveVersion = 1;
	classes = {
	};
	objectVersion = 50;
	objects = {

/* Begin PBXBuildFile section */
		535B61410080DD10B7E0B668 /* Pods_ParstagramTests.framework in Frameworks */ = {isa = PBXBuildFile; fileRef = 07D19C7CBBFEE7E7B759E81F /* Pods_ParstagramTests.framework */; };
		6539702D73B1EE9E38ACDD9B /* Pods_ParstagramUITests.framework in Frameworks */ = {isa = PBXBuildFile; fileRef = 94104E1320E8D52BDA0A7A0B /* Pods_ParstagramUITests.framework */; };
		B6D463897EE9CAE9532E05B4 /* Pods_Parstagram.framework in Frameworks */ = {isa = PBXBuildFile; fileRef = 25EAAFAAB35D90AAEE77F8B5 /* Pods_Parstagram.framework */; };
		E40F89172288C27A005ED60C /* AppDelegate.swift in Sources */ = {isa = PBXBuildFile; fileRef = E40F89162288C27A005ED60C /* AppDelegate.swift */; };
		E40F891C2288C27A005ED60C /* Main.storyboard in Resources */ = {isa = PBXBuildFile; fileRef = E40F891A2288C27A005ED60C /* Main.storyboard */; };
		E40F89212288C27B005ED60C /* LaunchScreen.storyboard in Resources */ = {isa = PBXBuildFile; fileRef = E40F891F2288C27B005ED60C /* LaunchScreen.storyboard */; };
		E40F892C2288C27C005ED60C /* ParstagramTests.swift in Sources */ = {isa = PBXBuildFile; fileRef = E40F892B2288C27C005ED60C /* ParstagramTests.swift */; };
		E40F89372288C27C005ED60C /* ParstagramUITests.swift in Sources */ = {isa = PBXBuildFile; fileRef = E40F89362288C27C005ED60C /* ParstagramUITests.swift */; };
		E42062872289396800A5DA74 /* LoginViewController.swift in Sources */ = {isa = PBXBuildFile; fileRef = E42062862289396800A5DA74 /* LoginViewController.swift */; };
		E42062892289397300A5DA74 /* FeedViewController.swift in Sources */ = {isa = PBXBuildFile; fileRef = E42062882289397300A5DA74 /* FeedViewController.swift */; };
		E420629022894C5600A5DA74 /* CameraViewController.swift in Sources */ = {isa = PBXBuildFile; fileRef = E420628F22894C5600A5DA74 /* CameraViewController.swift */; };
		E482CB57228959C600152DA2 /* assets.xcassets in Resources */ = {isa = PBXBuildFile; fileRef = E482CB56228959C600152DA2 /* assets.xcassets */; };
		E482CB59228A03FD00152DA2 /* postCell.swift in Sources */ = {isa = PBXBuildFile; fileRef = E482CB58228A03FD00152DA2 /* postCell.swift */; };
/* End PBXBuildFile section */

/* Begin PBXContainerItemProxy section */
		E40F89282288C27C005ED60C /* PBXContainerItemProxy */ = {
			isa = PBXContainerItemProxy;
			containerPortal = E40F890B2288C27A005ED60C /* Project object */;
			proxyType = 1;
			remoteGlobalIDString = E40F89122288C27A005ED60C;
			remoteInfo = Parstagram;
		};
		E40F89332288C27C005ED60C /* PBXContainerItemProxy */ = {
			isa = PBXContainerItemProxy;
			containerPortal = E40F890B2288C27A005ED60C /* Project object */;
			proxyType = 1;
			remoteGlobalIDString = E40F89122288C27A005ED60C;
			remoteInfo = Parstagram;
		};
/* End PBXContainerItemProxy section */

/* Begin PBXFileReference section */
		04B297CF7E54E452FA1A2364 /* Pods-Parstagram.debug.xcconfig */ = {isa = PBXFileReference; includeInIndex = 1; lastKnownFileType = text.xcconfig; name = "Pods-Parstagram.debug.xcconfig"; path = "Target Support Files/Pods-Parstagram/Pods-Parstagram.debug.xcconfig"; sourceTree = "<group>"; };
		07D19C7CBBFEE7E7B759E81F /* Pods_ParstagramTests.framework */ = {isa = PBXFileReference; explicitFileType = wrapper.framework; includeInIndex = 0; path = Pods_ParstagramTests.framework; sourceTree = BUILT_PRODUCTS_DIR; };
		25EAAFAAB35D90AAEE77F8B5 /* Pods_Parstagram.framework */ = {isa = PBXFileReference; explicitFileType = wrapper.framework; includeInIndex = 0; path = Pods_Parstagram.framework; sourceTree = BUILT_PRODUCTS_DIR; };
		2CA53B972EC1EF56DEDC3441 /* Pods-ParstagramUITests.release.xcconfig */ = {isa = PBXFileReference; includeInIndex = 1; lastKnownFileType = text.xcconfig; name = "Pods-ParstagramUITests.release.xcconfig"; path = "Target Support Files/Pods-ParstagramUITests/Pods-ParstagramUITests.release.xcconfig"; sourceTree = "<group>"; };
		5BB4FFA65647FF5586B68F09 /* Pods-ParstagramTests.release.xcconfig */ = {isa = PBXFileReference; includeInIndex = 1; lastKnownFileType = text.xcconfig; name = "Pods-ParstagramTests.release.xcconfig"; path = "Target Support Files/Pods-ParstagramTests/Pods-ParstagramTests.release.xcconfig"; sourceTree = "<group>"; };
		94104E1320E8D52BDA0A7A0B /* Pods_ParstagramUITests.framework */ = {isa = PBXFileReference; explicitFileType = wrapper.framework; includeInIndex = 0; path = Pods_ParstagramUITests.framework; sourceTree = BUILT_PRODUCTS_DIR; };
		9C27991413A2C2E582A52061 /* Pods-ParstagramUITests.debug.xcconfig */ = {isa = PBXFileReference; includeInIndex = 1; lastKnownFileType = text.xcconfig; name = "Pods-ParstagramUITests.debug.xcconfig"; path = "Target Support Files/Pods-ParstagramUITests/Pods-ParstagramUITests.debug.xcconfig"; sourceTree = "<group>"; };
		A9082F0F2EC6B276379B28C3 /* Pods-Parstagram.release.xcconfig */ = {isa = PBXFileReference; includeInIndex = 1; lastKnownFileType = text.xcconfig; name = "Pods-Parstagram.release.xcconfig"; path = "Target Support Files/Pods-Parstagram/Pods-Parstagram.release.xcconfig"; sourceTree = "<group>"; };
		D5B2D8F44E43C6B471E47458 /* Pods-ParstagramTests.debug.xcconfig */ = {isa = PBXFileReference; includeInIndex = 1; lastKnownFileType = text.xcconfig; name = "Pods-ParstagramTests.debug.xcconfig"; path = "Target Support Files/Pods-ParstagramTests/Pods-ParstagramTests.debug.xcconfig"; sourceTree = "<group>"; };
		E40F89132288C27A005ED60C /* Parstagram.app */ = {isa = PBXFileReference; explicitFileType = wrapper.application; includeInIndex = 0; path = Parstagram.app; sourceTree = BUILT_PRODUCTS_DIR; };
		E40F89162288C27A005ED60C /* AppDelegate.swift */ = {isa = PBXFileReference; lastKnownFileType = sourcecode.swift; path = AppDelegate.swift; sourceTree = "<group>"; };
		E40F891B2288C27A005ED60C /* Base */ = {isa = PBXFileReference; lastKnownFileType = file.storyboard; name = Base; path = Base.lproj/Main.storyboard; sourceTree = "<group>"; };
		E40F89202288C27B005ED60C /* Base */ = {isa = PBXFileReference; lastKnownFileType = file.storyboard; name = Base; path = Base.lproj/LaunchScreen.storyboard; sourceTree = "<group>"; };
		E40F89222288C27B005ED60C /* Info.plist */ = {isa = PBXFileReference; lastKnownFileType = text.plist.xml; path = Info.plist; sourceTree = "<group>"; };
		E40F89272288C27C005ED60C /* ParstagramTests.xctest */ = {isa = PBXFileReference; explicitFileType = wrapper.cfbundle; includeInIndex = 0; path = ParstagramTests.xctest; sourceTree = BUILT_PRODUCTS_DIR; };
		E40F892B2288C27C005ED60C /* ParstagramTests.swift */ = {isa = PBXFileReference; lastKnownFileType = sourcecode.swift; path = ParstagramTests.swift; sourceTree = "<group>"; };
		E40F892D2288C27C005ED60C /* Info.plist */ = {isa = PBXFileReference; lastKnownFileType = text.plist.xml; path = Info.plist; sourceTree = "<group>"; };
		E40F89322288C27C005ED60C /* ParstagramUITests.xctest */ = {isa = PBXFileReference; explicitFileType = wrapper.cfbundle; includeInIndex = 0; path = ParstagramUITests.xctest; sourceTree = BUILT_PRODUCTS_DIR; };
		E40F89362288C27C005ED60C /* ParstagramUITests.swift */ = {isa = PBXFileReference; lastKnownFileType = sourcecode.swift; path = ParstagramUITests.swift; sourceTree = "<group>"; };
		E40F89382288C27C005ED60C /* Info.plist */ = {isa = PBXFileReference; lastKnownFileType = text.plist.xml; path = Info.plist; sourceTree = "<group>"; };
		E42062862289396800A5DA74 /* LoginViewController.swift */ = {isa = PBXFileReference; lastKnownFileType = sourcecode.swift; path = LoginViewController.swift; sourceTree = "<group>"; };
		E42062882289397300A5DA74 /* FeedViewController.swift */ = {isa = PBXFileReference; lastKnownFileType = sourcecode.swift; path = FeedViewController.swift; sourceTree = "<group>"; };
		E420628F22894C5600A5DA74 /* CameraViewController.swift */ = {isa = PBXFileReference; lastKnownFileType = sourcecode.swift; path = CameraViewController.swift; sourceTree = "<group>"; };
		E482CB56228959C600152DA2 /* assets.xcassets */ = {isa = PBXFileReference; lastKnownFileType = folder.assetcatalog; path = assets.xcassets; sourceTree = "<group>"; };
		E482CB58228A03FD00152DA2 /* postCell.swift */ = {isa = PBXFileReference; lastKnownFileType = sourcecode.swift; path = postCell.swift; sourceTree = "<group>"; };
/* End PBXFileReference section */

/* Begin PBXFrameworksBuildPhase section */
		E40F89102288C27A005ED60C /* Frameworks */ = {
			isa = PBXFrameworksBuildPhase;
			buildActionMask = 2147483647;
			files = (
				B6D463897EE9CAE9532E05B4 /* Pods_Parstagram.framework in Frameworks */,
			);
			runOnlyForDeploymentPostprocessing = 0;
		};
		E40F89242288C27C005ED60C /* Frameworks */ = {
			isa = PBXFrameworksBuildPhase;
			buildActionMask = 2147483647;
			files = (
				535B61410080DD10B7E0B668 /* Pods_ParstagramTests.framework in Frameworks */,
			);
			runOnlyForDeploymentPostprocessing = 0;
		};
		E40F892F2288C27C005ED60C /* Frameworks */ = {
			isa = PBXFrameworksBuildPhase;
			buildActionMask = 2147483647;
			files = (
				6539702D73B1EE9E38ACDD9B /* Pods_ParstagramUITests.framework in Frameworks */,
			);
			runOnlyForDeploymentPostprocessing = 0;
		};
/* End PBXFrameworksBuildPhase section */

/* Begin PBXGroup section */
		3B7D381D300E855077879C9A /* Pods */ = {
			isa = PBXGroup;
			children = (
				04B297CF7E54E452FA1A2364 /* Pods-Parstagram.debug.xcconfig */,
				A9082F0F2EC6B276379B28C3 /* Pods-Parstagram.release.xcconfig */,
				D5B2D8F44E43C6B471E47458 /* Pods-ParstagramTests.debug.xcconfig */,
				5BB4FFA65647FF5586B68F09 /* Pods-ParstagramTests.release.xcconfig */,
				9C27991413A2C2E582A52061 /* Pods-ParstagramUITests.debug.xcconfig */,
				2CA53B972EC1EF56DEDC3441 /* Pods-ParstagramUITests.release.xcconfig */,
			);
			path = Pods;
			sourceTree = "<group>";
		};
		7C1C59B65C726A8001687CE8 /* Frameworks */ = {
			isa = PBXGroup;
			children = (
				25EAAFAAB35D90AAEE77F8B5 /* Pods_Parstagram.framework */,
				07D19C7CBBFEE7E7B759E81F /* Pods_ParstagramTests.framework */,
				94104E1320E8D52BDA0A7A0B /* Pods_ParstagramUITests.framework */,
			);
			name = Frameworks;
			sourceTree = "<group>";
		};
		E40F890A2288C27A005ED60C = {
			isa = PBXGroup;
			children = (
				E40F89152288C27A005ED60C /* Parstagram */,
				E40F892A2288C27C005ED60C /* ParstagramTests */,
				E40F89352288C27C005ED60C /* ParstagramUITests */,
				E40F89142288C27A005ED60C /* Products */,
				3B7D381D300E855077879C9A /* Pods */,
				7C1C59B65C726A8001687CE8 /* Frameworks */,
			);
			sourceTree = "<group>";
		};
		E40F89142288C27A005ED60C /* Products */ = {
			isa = PBXGroup;
			children = (
				E40F89132288C27A005ED60C /* Parstagram.app */,
				E40F89272288C27C005ED60C /* ParstagramTests.xctest */,
				E40F89322288C27C005ED60C /* ParstagramUITests.xctest */,
			);
			name = Products;
			sourceTree = "<group>";
		};
		E40F89152288C27A005ED60C /* Parstagram */ = {
			isa = PBXGroup;
			children = (
				E40F89162288C27A005ED60C /* AppDelegate.swift */,
				E42062862289396800A5DA74 /* LoginViewController.swift */,
				E42062882289397300A5DA74 /* FeedViewController.swift */,
				E420628F22894C5600A5DA74 /* CameraViewController.swift */,
				E482CB58228A03FD00152DA2 /* postCell.swift */,
				E40F891A2288C27A005ED60C /* Main.storyboard */,
				E40F891F2288C27B005ED60C /* LaunchScreen.storyboard */,
				E40F89222288C27B005ED60C /* Info.plist */,
				E482CB56228959C600152DA2 /* assets.xcassets */,
			);
			path = Parstagram;
			sourceTree = "<group>";
		};
		E40F892A2288C27C005ED60C /* ParstagramTests */ = {
			isa = PBXGroup;
			children = (
				E40F892B2288C27C005ED60C /* ParstagramTests.swift */,
				E40F892D2288C27C005ED60C /* Info.plist */,
			);
			path = ParstagramTests;
			sourceTree = "<group>";
		};
		E40F89352288C27C005ED60C /* ParstagramUITests */ = {
			isa = PBXGroup;
			children = (
				E40F89362288C27C005ED60C /* ParstagramUITests.swift */,
				E40F89382288C27C005ED60C /* Info.plist */,
			);
			path = ParstagramUITests;
			sourceTree = "<group>";
		};
/* End PBXGroup section */

/* Begin PBXNativeTarget section */
		E40F89122288C27A005ED60C /* Parstagram */ = {
			isa = PBXNativeTarget;
			buildConfigurationList = E40F893B2288C27C005ED60C /* Build configuration list for PBXNativeTarget "Parstagram" */;
			buildPhases = (
				9392C12E1C8C5EBF41F0D345 /* [CP] Check Pods Manifest.lock */,
				E40F890F2288C27A005ED60C /* Sources */,
				E40F89102288C27A005ED60C /* Frameworks */,
				E40F89112288C27A005ED60C /* Resources */,
				3A594CF1993E674E9220970D /* [CP] Embed Pods Frameworks */,
			);
			buildRules = (
			);
			dependencies = (
			);
			name = Parstagram;
			productName = Parstagram;
			productReference = E40F89132288C27A005ED60C /* Parstagram.app */;
			productType = "com.apple.product-type.application";
		};
		E40F89262288C27C005ED60C /* ParstagramTests */ = {
			isa = PBXNativeTarget;
			buildConfigurationList = E40F893E2288C27C005ED60C /* Build configuration list for PBXNativeTarget "ParstagramTests" */;
			buildPhases = (
				6C1D3A5359DE80C0E649D776 /* [CP] Check Pods Manifest.lock */,
				E40F89232288C27C005ED60C /* Sources */,
				E40F89242288C27C005ED60C /* Frameworks */,
				E40F89252288C27C005ED60C /* Resources */,
			);
			buildRules = (
			);
			dependencies = (
				E40F89292288C27C005ED60C /* PBXTargetDependency */,
			);
			name = ParstagramTests;
			productName = ParstagramTests;
			productReference = E40F89272288C27C005ED60C /* ParstagramTests.xctest */;
			productType = "com.apple.product-type.bundle.unit-test";
		};
		E40F89312288C27C005ED60C /* ParstagramUITests */ = {
			isa = PBXNativeTarget;
			buildConfigurationList = E40F89412288C27C005ED60C /* Build configuration list for PBXNativeTarget "ParstagramUITests" */;
			buildPhases = (
				23DAE5BA1B4EA0725821A2E0 /* [CP] Check Pods Manifest.lock */,
				E40F892E2288C27C005ED60C /* Sources */,
				E40F892F2288C27C005ED60C /* Frameworks */,
				E40F89302288C27C005ED60C /* Resources */,
			);
			buildRules = (
			);
			dependencies = (
				E40F89342288C27C005ED60C /* PBXTargetDependency */,
			);
			name = ParstagramUITests;
			productName = ParstagramUITests;
			productReference = E40F89322288C27C005ED60C /* ParstagramUITests.xctest */;
			productType = "com.apple.product-type.bundle.ui-testing";
		};
/* End PBXNativeTarget section */

/* Begin PBXProject section */
		E40F890B2288C27A005ED60C /* Project object */ = {
			isa = PBXProject;
			attributes = {
				LastSwiftUpdateCheck = 1020;
				LastUpgradeCheck = 1020;
				ORGANIZATIONNAME = "Yuhui Chen";
				TargetAttributes = {
					E40F89122288C27A005ED60C = {
						CreatedOnToolsVersion = 10.2.1;
					};
					E40F89262288C27C005ED60C = {
						CreatedOnToolsVersion = 10.2.1;
						TestTargetID = E40F89122288C27A005ED60C;
					};
					E40F89312288C27C005ED60C = {
						CreatedOnToolsVersion = 10.2.1;
						TestTargetID = E40F89122288C27A005ED60C;
					};
				};
			};
			buildConfigurationList = E40F890E2288C27A005ED60C /* Build configuration list for PBXProject "Parstagram" */;
			compatibilityVersion = "Xcode 9.3";
			developmentRegion = en;
			hasScannedForEncodings = 0;
			knownRegions = (
				en,
				Base,
			);
			mainGroup = E40F890A2288C27A005ED60C;
			productRefGroup = E40F89142288C27A005ED60C /* Products */;
			projectDirPath = "";
			projectRoot = "";
			targets = (
				E40F89122288C27A005ED60C /* Parstagram */,
				E40F89262288C27C005ED60C /* ParstagramTests */,
				E40F89312288C27C005ED60C /* ParstagramUITests */,
			);
		};
/* End PBXProject section */

/* Begin PBXResourcesBuildPhase section */
		E40F89112288C27A005ED60C /* Resources */ = {
			isa = PBXResourcesBuildPhase;
			buildActionMask = 2147483647;
			files = (
				E40F89212288C27B005ED60C /* LaunchScreen.storyboard in Resources */,
				E40F891C2288C27A005ED60C /* Main.storyboard in Resources */,
				E482CB57228959C600152DA2 /* assets.xcassets in Resources */,
			);
			runOnlyForDeploymentPostprocessing = 0;
		};
		E40F89252288C27C005ED60C /* Resources */ = {
			isa = PBXResourcesBuildPhase;
			buildActionMask = 2147483647;
			files = (
			);
			runOnlyForDeploymentPostprocessing = 0;
		};
		E40F89302288C27C005ED60C /* Resources */ = {
			isa = PBXResourcesBuildPhase;
			buildActionMask = 2147483647;
			files = (
			);
			runOnlyForDeploymentPostprocessing = 0;
		};
/* End PBXResourcesBuildPhase section */

/* Begin PBXShellScriptBuildPhase section */
		23DAE5BA1B4EA0725821A2E0 /* [CP] Check Pods Manifest.lock */ = {
			isa = PBXShellScriptBuildPhase;
			buildActionMask = 2147483647;
			files = (
			);
			inputFileListPaths = (
			);
			inputPaths = (
				"${PODS_PODFILE_DIR_PATH}/Podfile.lock",
				"${PODS_ROOT}/Manifest.lock",
			);
			name = "[CP] Check Pods Manifest.lock";
			outputFileListPaths = (
			);
			outputPaths = (
				"$(DERIVED_FILE_DIR)/Pods-ParstagramUITests-checkManifestLockResult.txt",
			);
			runOnlyForDeploymentPostprocessing = 0;
			shellPath = /bin/sh;
			shellScript = "diff \"${PODS_PODFILE_DIR_PATH}/Podfile.lock\" \"${PODS_ROOT}/Manifest.lock\" > /dev/null\nif [ $? != 0 ] ; then\n    # print error to STDERR\n    echo \"error: The sandbox is not in sync with the Podfile.lock. Run 'pod install' or update your CocoaPods installation.\" >&2\n    exit 1\nfi\n# This output is used by Xcode 'outputs' to avoid re-running this script phase.\necho \"SUCCESS\" > \"${SCRIPT_OUTPUT_FILE_0}\"\n";
			showEnvVarsInLog = 0;
		};
		3A594CF1993E674E9220970D /* [CP] Embed Pods Frameworks */ = {
			isa = PBXShellScriptBuildPhase;
			buildActionMask = 2147483647;
			files = (
			);
			inputFileListPaths = (
			);
			inputPaths = (
				"${PODS_ROOT}/Target Support Files/Pods-Parstagram/Pods-Parstagram-frameworks.sh",
				"${BUILT_PRODUCTS_DIR}/Alamofire/Alamofire.framework",
				"${BUILT_PRODUCTS_DIR}/AlamofireImage/AlamofireImage.framework",
				"${BUILT_PRODUCTS_DIR}/Bolts/Bolts.framework",
				"${BUILT_PRODUCTS_DIR}/Parse/Parse.framework",
			);
			name = "[CP] Embed Pods Frameworks";
			outputFileListPaths = (
			);
			outputPaths = (
				"${TARGET_BUILD_DIR}/${FRAMEWORKS_FOLDER_PATH}/Alamofire.framework",
				"${TARGET_BUILD_DIR}/${FRAMEWORKS_FOLDER_PATH}/AlamofireImage.framework",
				"${TARGET_BUILD_DIR}/${FRAMEWORKS_FOLDER_PATH}/Bolts.framework",
				"${TARGET_BUILD_DIR}/${FRAMEWORKS_FOLDER_PATH}/Parse.framework",
			);
			runOnlyForDeploymentPostprocessing = 0;
			shellPath = /bin/sh;
			shellScript = "\"${PODS_ROOT}/Target Support Files/Pods-Parstagram/Pods-Parstagram-frameworks.sh\"\n";
			showEnvVarsInLog = 0;
		};
		6C1D3A5359DE80C0E649D776 /* [CP] Check Pods Manifest.lock */ = {
			isa = PBXShellScriptBuildPhase;
			buildActionMask = 2147483647;
			files = (
			);
			inputFileListPaths = (
			);
			inputPaths = (
				"${PODS_PODFILE_DIR_PATH}/Podfile.lock",
				"${PODS_ROOT}/Manifest.lock",
			);
			name = "[CP] Check Pods Manifest.lock";
			outputFileListPaths = (
			);
			outputPaths = (
				"$(DERIVED_FILE_DIR)/Pods-ParstagramTests-checkManifestLockResult.txt",
			);
			runOnlyForDeploymentPostprocessing = 0;
			shellPath = /bin/sh;
			shellScript = "diff \"${PODS_PODFILE_DIR_PATH}/Podfile.lock\" \"${PODS_ROOT}/Manifest.lock\" > /dev/null\nif [ $? != 0 ] ; then\n    # print error to STDERR\n    echo \"error: The sandbox is not in sync with the Podfile.lock. Run 'pod install' or update your CocoaPods installation.\" >&2\n    exit 1\nfi\n# This output is used by Xcode 'outputs' to avoid re-running this script phase.\necho \"SUCCESS\" > \"${SCRIPT_OUTPUT_FILE_0}\"\n";
			showEnvVarsInLog = 0;
		};
		9392C12E1C8C5EBF41F0D345 /* [CP] Check Pods Manifest.lock */ = {
			isa = PBXShellScriptBuildPhase;
			buildActionMask = 2147483647;
			files = (
			);
			inputFileListPaths = (
			);
			inputPaths = (
				"${PODS_PODFILE_DIR_PATH}/Podfile.lock",
				"${PODS_ROOT}/Manifest.lock",
			);
			name = "[CP] Check Pods Manifest.lock";
			outputFileListPaths = (
			);
			outputPaths = (
				"$(DERIVED_FILE_DIR)/Pods-Parstagram-checkManifestLockResult.txt",
			);
			runOnlyForDeploymentPostprocessing = 0;
			shellPath = /bin/sh;
			shellScript = "diff \"${PODS_PODFILE_DIR_PATH}/Podfile.lock\" \"${PODS_ROOT}/Manifest.lock\" > /dev/null\nif [ $? != 0 ] ; then\n    # print error to STDERR\n    echo \"error: The sandbox is not in sync with the Podfile.lock. Run 'pod install' or update your CocoaPods installation.\" >&2\n    exit 1\nfi\n# This output is used by Xcode 'outputs' to avoid re-running this script phase.\necho \"SUCCESS\" > \"${SCRIPT_OUTPUT_FILE_0}\"\n";
			showEnvVarsInLog = 0;
		};
/* End PBXShellScriptBuildPhase section */

/* Begin PBXSourcesBuildPhase section */
		E40F890F2288C27A005ED60C /* Sources */ = {
			isa = PBXSourcesBuildPhase;
			buildActionMask = 2147483647;
			files = (
				E42062872289396800A5DA74 /* LoginViewController.swift in Sources */,
				E420629022894C5600A5DA74 /* CameraViewController.swift in Sources */,
				E42062892289397300A5DA74 /* FeedViewController.swift in Sources */,
				E40F89172288C27A005ED60C /* AppDelegate.swift in Sources */,
				E482CB59228A03FD00152DA2 /* postCell.swift in Sources */,
			);
			runOnlyForDeploymentPostprocessing = 0;
		};
		E40F89232288C27C005ED60C /* Sources */ = {
			isa = PBXSourcesBuildPhase;
			buildActionMask = 2147483647;
			files = (
				E40F892C2288C27C005ED60C /* ParstagramTests.swift in Sources */,
			);
			runOnlyForDeploymentPostprocessing = 0;
		};
		E40F892E2288C27C005ED60C /* Sources */ = {
			isa = PBXSourcesBuildPhase;
			buildActionMask = 2147483647;
			files = (
				E40F89372288C27C005ED60C /* ParstagramUITests.swift in Sources */,
			);
			runOnlyForDeploymentPostprocessing = 0;
		};
/* End PBXSourcesBuildPhase section */

/* Begin PBXTargetDependency section */
		E40F89292288C27C005ED60C /* PBXTargetDependency */ = {
			isa = PBXTargetDependency;
			target = E40F89122288C27A005ED60C /* Parstagram */;
			targetProxy = E40F89282288C27C005ED60C /* PBXContainerItemProxy */;
		};
		E40F89342288C27C005ED60C /* PBXTargetDependency */ = {
			isa = PBXTargetDependency;
			target = E40F89122288C27A005ED60C /* Parstagram */;
			targetProxy = E40F89332288C27C005ED60C /* PBXContainerItemProxy */;
		};
/* End PBXTargetDependency section */

/* Begin PBXVariantGroup section */
		E40F891A2288C27A005ED60C /* Main.storyboard */ = {
			isa = PBXVariantGroup;
			children = (
				E40F891B2288C27A005ED60C /* Base */,
			);
			name = Main.storyboard;
			sourceTree = "<group>";
		};
		E40F891F2288C27B005ED60C /* LaunchScreen.storyboard */ = {
			isa = PBXVariantGroup;
			children = (
				E40F89202288C27B005ED60C /* Base */,
			);
			name = LaunchScreen.storyboard;
			sourceTree = "<group>";
		};
/* End PBXVariantGroup section */

/* Begin XCBuildConfiguration section */
		E40F89392288C27C005ED60C /* Debug */ = {
			isa = XCBuildConfiguration;
			buildSettings = {
				ALWAYS_SEARCH_USER_PATHS = NO;
				CLANG_ANALYZER_NONNULL = YES;
				CLANG_ANALYZER_NUMBER_OBJECT_CONVERSION = YES_AGGRESSIVE;
				CLANG_CXX_LANGUAGE_STANDARD = "gnu++14";
				CLANG_CXX_LIBRARY = "libc++";
				CLANG_ENABLE_MODULES = YES;
				CLANG_ENABLE_OBJC_ARC = YES;
				CLANG_ENABLE_OBJC_WEAK = YES;
				CLANG_WARN_BLOCK_CAPTURE_AUTORELEASING = YES;
				CLANG_WARN_BOOL_CONVERSION = YES;
				CLANG_WARN_COMMA = YES;
				CLANG_WARN_CONSTANT_CONVERSION = YES;
				CLANG_WARN_DEPRECATED_OBJC_IMPLEMENTATIONS = YES;
				CLANG_WARN_DIRECT_OBJC_ISA_USAGE = YES_ERROR;
				CLANG_WARN_DOCUMENTATION_COMMENTS = YES;
				CLANG_WARN_EMPTY_BODY = YES;
				CLANG_WARN_ENUM_CONVERSION = YES;
				CLANG_WARN_INFINITE_RECURSION = YES;
				CLANG_WARN_INT_CONVERSION = YES;
				CLANG_WARN_NON_LITERAL_NULL_CONVERSION = YES;
				CLANG_WARN_OBJC_IMPLICIT_RETAIN_SELF = YES;
				CLANG_WARN_OBJC_LITERAL_CONVERSION = YES;
				CLANG_WARN_OBJC_ROOT_CLASS = YES_ERROR;
				CLANG_WARN_RANGE_LOOP_ANALYSIS = YES;
				CLANG_WARN_STRICT_PROTOTYPES = YES;
				CLANG_WARN_SUSPICIOUS_MOVE = YES;
				CLANG_WARN_UNGUARDED_AVAILABILITY = YES_AGGRESSIVE;
				CLANG_WARN_UNREACHABLE_CODE = YES;
				CLANG_WARN__DUPLICATE_METHOD_MATCH = YES;
				CODE_SIGN_IDENTITY = "iPhone Developer";
				COPY_PHASE_STRIP = NO;
				DEBUG_INFORMATION_FORMAT = dwarf;
				ENABLE_STRICT_OBJC_MSGSEND = YES;
				ENABLE_TESTABILITY = YES;
				GCC_C_LANGUAGE_STANDARD = gnu11;
				GCC_DYNAMIC_NO_PIC = NO;
				GCC_NO_COMMON_BLOCKS = YES;
				GCC_OPTIMIZATION_LEVEL = 0;
				GCC_PREPROCESSOR_DEFINITIONS = (
					"DEBUG=1",
					"$(inherited)",
				);
				GCC_WARN_64_TO_32_BIT_CONVERSION = YES;
				GCC_WARN_ABOUT_RETURN_TYPE = YES_ERROR;
				GCC_WARN_UNDECLARED_SELECTOR = YES;
				GCC_WARN_UNINITIALIZED_AUTOS = YES_AGGRESSIVE;
				GCC_WARN_UNUSED_FUNCTION = YES;
				GCC_WARN_UNUSED_VARIABLE = YES;
				IPHONEOS_DEPLOYMENT_TARGET = 12.2;
				MTL_ENABLE_DEBUG_INFO = INCLUDE_SOURCE;
				MTL_FAST_MATH = YES;
				ONLY_ACTIVE_ARCH = YES;
				SDKROOT = iphoneos;
				SWIFT_ACTIVE_COMPILATION_CONDITIONS = DEBUG;
				SWIFT_OPTIMIZATION_LEVEL = "-Onone";
			};
			name = Debug;
		};
		E40F893A2288C27C005ED60C /* Release */ = {
			isa = XCBuildConfiguration;
			buildSettings = {
				ALWAYS_SEARCH_USER_PATHS = NO;
				CLANG_ANALYZER_NONNULL = YES;
				CLANG_ANALYZER_NUMBER_OBJECT_CONVERSION = YES_AGGRESSIVE;
				CLANG_CXX_LANGUAGE_STANDARD = "gnu++14";
				CLANG_CXX_LIBRARY = "libc++";
				CLANG_ENABLE_MODULES = YES;
				CLANG_ENABLE_OBJC_ARC = YES;
				CLANG_ENABLE_OBJC_WEAK = YES;
				CLANG_WARN_BLOCK_CAPTURE_AUTORELEASING = YES;
				CLANG_WARN_BOOL_CONVERSION = YES;
				CLANG_WARN_COMMA = YES;
				CLANG_WARN_CONSTANT_CONVERSION = YES;
				CLANG_WARN_DEPRECATED_OBJC_IMPLEMENTATIONS = YES;
				CLANG_WARN_DIRECT_OBJC_ISA_USAGE = YES_ERROR;
				CLANG_WARN_DOCUMENTATION_COMMENTS = YES;
				CLANG_WARN_EMPTY_BODY = YES;
				CLANG_WARN_ENUM_CONVERSION = YES;
				CLANG_WARN_INFINITE_RECURSION = YES;
				CLANG_WARN_INT_CONVERSION = YES;
				CLANG_WARN_NON_LITERAL_NULL_CONVERSION = YES;
				CLANG_WARN_OBJC_IMPLICIT_RETAIN_SELF = YES;
				CLANG_WARN_OBJC_LITERAL_CONVERSION = YES;
				CLANG_WARN_OBJC_ROOT_CLASS = YES_ERROR;
				CLANG_WARN_RANGE_LOOP_ANALYSIS = YES;
				CLANG_WARN_STRICT_PROTOTYPES = YES;
				CLANG_WARN_SUSPICIOUS_MOVE = YES;
				CLANG_WARN_UNGUARDED_AVAILABILITY = YES_AGGRESSIVE;
				CLANG_WARN_UNREACHABLE_CODE = YES;
				CLANG_WARN__DUPLICATE_METHOD_MATCH = YES;
				CODE_SIGN_IDENTITY = "iPhone Developer";
				COPY_PHASE_STRIP = NO;
				DEBUG_INFORMATION_FORMAT = "dwarf-with-dsym";
				ENABLE_NS_ASSERTIONS = NO;
				ENABLE_STRICT_OBJC_MSGSEND = YES;
				GCC_C_LANGUAGE_STANDARD = gnu11;
				GCC_NO_COMMON_BLOCKS = YES;
				GCC_WARN_64_TO_32_BIT_CONVERSION = YES;
				GCC_WARN_ABOUT_RETURN_TYPE = YES_ERROR;
				GCC_WARN_UNDECLARED_SELECTOR = YES;
				GCC_WARN_UNINITIALIZED_AUTOS = YES_AGGRESSIVE;
				GCC_WARN_UNUSED_FUNCTION = YES;
				GCC_WARN_UNUSED_VARIABLE = YES;
				IPHONEOS_DEPLOYMENT_TARGET = 12.2;
				MTL_ENABLE_DEBUG_INFO = NO;
				MTL_FAST_MATH = YES;
				SDKROOT = iphoneos;
				SWIFT_COMPILATION_MODE = wholemodule;
				SWIFT_OPTIMIZATION_LEVEL = "-O";
				VALIDATE_PRODUCT = YES;
			};
			name = Release;
		};
		E40F893C2288C27C005ED60C /* Debug */ = {
			isa = XCBuildConfiguration;
			baseConfigurationReference = 04B297CF7E54E452FA1A2364 /* Pods-Parstagram.debug.xcconfig */;
			buildSettings = {
				ASSETCATALOG_COMPILER_APPICON_NAME = AppIcon;
				CODE_SIGN_STYLE = Automatic;
				DEVELOPMENT_TEAM = "";
				INFOPLIST_FILE = Parstagram/Info.plist;
				LD_RUNPATH_SEARCH_PATHS = (
					"$(inherited)",
					"@executable_path/Frameworks",
				);
				PRODUCT_BUNDLE_IDENTIFIER = "codepath-ios.Parstagram";
				PRODUCT_NAME = "$(TARGET_NAME)";
				SWIFT_VERSION = 5.0;
				TARGETED_DEVICE_FAMILY = "1,2";
			};
			name = Debug;
		};
		E40F893D2288C27C005ED60C /* Release */ = {
			isa = XCBuildConfiguration;
			baseConfigurationReference = A9082F0F2EC6B276379B28C3 /* Pods-Parstagram.release.xcconfig */;
			buildSettings = {
				ASSETCATALOG_COMPILER_APPICON_NAME = AppIcon;
				CODE_SIGN_STYLE = Automatic;
				DEVELOPMENT_TEAM = "";
				INFOPLIST_FILE = Parstagram/Info.plist;
				LD_RUNPATH_SEARCH_PATHS = (
					"$(inherited)",
					"@executable_path/Frameworks",
				);
				PRODUCT_BUNDLE_IDENTIFIER = "codepath-ios.Parstagram";
				PRODUCT_NAME = "$(TARGET_NAME)";
				SWIFT_VERSION = 5.0;
				TARGETED_DEVICE_FAMILY = "1,2";
			};
			name = Release;
		};
		E40F893F2288C27C005ED60C /* Debug */ = {
			isa = XCBuildConfiguration;
			baseConfigurationReference = D5B2D8F44E43C6B471E47458 /* Pods-ParstagramTests.debug.xcconfig */;
			buildSettings = {
				ALWAYS_EMBED_SWIFT_STANDARD_LIBRARIES = YES;
				BUNDLE_LOADER = "$(TEST_HOST)";
				CODE_SIGN_STYLE = Automatic;
				INFOPLIST_FILE = ParstagramTests/Info.plist;
				LD_RUNPATH_SEARCH_PATHS = (
					"$(inherited)",
					"@executable_path/Frameworks",
					"@loader_path/Frameworks",
				);
				PRODUCT_BUNDLE_IDENTIFIER = "codepath-ios.ParstagramTests";
				PRODUCT_NAME = "$(TARGET_NAME)";
				SWIFT_VERSION = 5.0;
				TARGETED_DEVICE_FAMILY = "1,2";
				TEST_HOST = "$(BUILT_PRODUCTS_DIR)/Parstagram.app/Parstagram";
			};
			name = Debug;
		};
		E40F89402288C27C005ED60C /* Release */ = {
			isa = XCBuildConfiguration;
			baseConfigurationReference = 5BB4FFA65647FF5586B68F09 /* Pods-ParstagramTests.release.xcconfig */;
			buildSettings = {
				ALWAYS_EMBED_SWIFT_STANDARD_LIBRARIES = YES;
				BUNDLE_LOADER = "$(TEST_HOST)";
				CODE_SIGN_STYLE = Automatic;
				INFOPLIST_FILE = ParstagramTests/Info.plist;
				LD_RUNPATH_SEARCH_PATHS = (
					"$(inherited)",
					"@executable_path/Frameworks",
					"@loader_path/Frameworks",
				);
				PRODUCT_BUNDLE_IDENTIFIER = "codepath-ios.ParstagramTests";
				PRODUCT_NAME = "$(TARGET_NAME)";
				SWIFT_VERSION = 5.0;
				TARGETED_DEVICE_FAMILY = "1,2";
				TEST_HOST = "$(BUILT_PRODUCTS_DIR)/Parstagram.app/Parstagram";
			};
			name = Release;
		};
		E40F89422288C27C005ED60C /* Debug */ = {
			isa = XCBuildConfiguration;
			baseConfigurationReference = 9C27991413A2C2E582A52061 /* Pods-ParstagramUITests.debug.xcconfig */;
			buildSettings = {
				ALWAYS_EMBED_SWIFT_STANDARD_LIBRARIES = YES;
				CODE_SIGN_STYLE = Automatic;
				INFOPLIST_FILE = ParstagramUITests/Info.plist;
				LD_RUNPATH_SEARCH_PATHS = (
					"$(inherited)",
					"@executable_path/Frameworks",
					"@loader_path/Frameworks",
				);
				PRODUCT_BUNDLE_IDENTIFIER = "codepath-ios.ParstagramUITests";
				PRODUCT_NAME = "$(TARGET_NAME)";
				SWIFT_VERSION = 5.0;
				TARGETED_DEVICE_FAMILY = "1,2";
				TEST_TARGET_NAME = Parstagram;
			};
			name = Debug;
		};
		E40F89432288C27C005ED60C /* Release */ = {
			isa = XCBuildConfiguration;
			baseConfigurationReference = 2CA53B972EC1EF56DEDC3441 /* Pods-ParstagramUITests.release.xcconfig */;
			buildSettings = {
				ALWAYS_EMBED_SWIFT_STANDARD_LIBRARIES = YES;
				CODE_SIGN_STYLE = Automatic;
				INFOPLIST_FILE = ParstagramUITests/Info.plist;
				LD_RUNPATH_SEARCH_PATHS = (
					"$(inherited)",
					"@executable_path/Frameworks",
					"@loader_path/Frameworks",
				);
				PRODUCT_BUNDLE_IDENTIFIER = "codepath-ios.ParstagramUITests";
				PRODUCT_NAME = "$(TARGET_NAME)";
				SWIFT_VERSION = 5.0;
				TARGETED_DEVICE_FAMILY = "1,2";
				TEST_TARGET_NAME = Parstagram;
			};
			name = Release;
		};
/* End XCBuildConfiguration section */

/* Begin XCConfigurationList section */
		E40F890E2288C27A005ED60C /* Build configuration list for PBXProject "Parstagram" */ = {
			isa = XCConfigurationList;
			buildConfigurations = (
				E40F89392288C27C005ED60C /* Debug */,
				E40F893A2288C27C005ED60C /* Release */,
			);
			defaultConfigurationIsVisible = 0;
			defaultConfigurationName = Release;
		};
		E40F893B2288C27C005ED60C /* Build configuration list for PBXNativeTarget "Parstagram" */ = {
			isa = XCConfigurationList;
			buildConfigurations = (
				E40F893C2288C27C005ED60C /* Debug */,
				E40F893D2288C27C005ED60C /* Release */,
			);
			defaultConfigurationIsVisible = 0;
			defaultConfigurationName = Release;
		};
		E40F893E2288C27C005ED60C /* Build configuration list for PBXNativeTarget "ParstagramTests" */ = {
			isa = XCConfigurationList;
			buildConfigurations = (
				E40F893F2288C27C005ED60C /* Debug */,
				E40F89402288C27C005ED60C /* Release */,
			);
			defaultConfigurationIsVisible = 0;
			defaultConfigurationName = Release;
		};
		E40F89412288C27C005ED60C /* Build configuration list for PBXNativeTarget "ParstagramUITests" */ = {
			isa = XCConfigurationList;
			buildConfigurations = (
				E40F89422288C27C005ED60C /* Debug */,
				E40F89432288C27C005ED60C /* Release */,
			);
			defaultConfigurationIsVisible = 0;
			defaultConfigurationName = Release;
		};
/* End XCConfigurationList section */
	};
	rootObject = E40F890B2288C27A005ED60C /* Project object */;
}
